
Microsoft Visual Studio Solution File, Format Version 12.00
# Visual Studio Version 16
VisualStudioVersion = 16.0.31624.102
MinimumVisualStudioVersion = 10.0.40219.1
Project("{FAE04EC0-301F-11D3-BF4B-00C04F79EFBC}") = "RequesterLib", "Requester\RequesterLib.csproj", "{8EFB80B6-A4E1-4930-A7AA-ADFC7FEDE58A}"
EndProject
Project("{FAE04EC0-301F-11D3-BF4B-00C04F79EFBC}") = "RequesterTestApplication", "RequesterTestApplication\RequesterTestApplication.csproj", "{06AD1F7E-9347-4EC2-9EDA-7BB0E14A23B5}"
EndProject
Global
	GlobalSection(SolutionConfigurationPlatforms) = preSolution
		Debug|Any CPU = Debug|Any CPU
		Release|Any CPU = Release|Any CPU
	EndGlobalSection
	GlobalSection(ProjectConfigurationPlatforms) = postSolution
		{8EFB80B6-A4E1-4930-A7AA-ADFC7FEDE58A}.Debug|Any CPU.ActiveCfg = Debug|Any CPU
		{8EFB80B6-A4E1-4930-A7AA-ADFC7FEDE58A}.Debug|Any CPU.Build.0 = Debug|Any CPU
		{8EFB80B6-A4E1-4930-A7AA-ADFC7FEDE58A}.Release|Any CPU.ActiveCfg = Release|Any CPU
		{8EFB80B6-A4E1-4930-A7AA-ADFC7FEDE58A}.Release|Any CPU.Build.0 = Release|Any CPU
		{06AD1F7E-9347-4EC2-9EDA-7BB0E14A23B5}.Debug|Any CPU.ActiveCfg = Debug|Any CPU
		{06AD1F7E-9347-4EC2-9EDA-7BB0E14A23B5}.Debug|Any CPU.Build.0 = Debug|Any CPU
		{06AD1F7E-9347-4EC2-9EDA-7BB0E14A23B5}.Release|Any CPU.ActiveCfg = Release|Any CPU
		{06AD1F7E-9347-4EC2-9EDA-7BB0E14A23B5}.Release|Any CPU.Build.0 = Release|Any CPU
	EndGlobalSection
	GlobalSection(SolutionProperties) = preSolution
		HideSolutionNode = FALSE
	EndGlobalSection
	GlobalSection(ExtensibilityGlobals) = postSolution
		SolutionGuid = {0930B0D8-1329-48B6-8FA3-19EF71D04CDB}
	EndGlobalSection
EndGlobal
